{
  "name": "hoist-project",
  "version": "1.0.0",
  "lockfileVersion": 3,
  "packages": {
    "": {
      "name": "hoist-project",
      "version": "1.0.0",
      "dependencies": {
        "a": "^1.0.0",
        "@scope/tool": "^3.0.0"
      }
    },
    "node_modules/a": {
      "version": "1.0.0",
      "dependencies": {
        "dep": "*"
      }
    },
    "node_modules/a/node_modules/dep": {
      "version": "1.5.0"
    },
    "node_modules/@scope/tool": {
      "version": "3.0.0",
      "dependencies": {
        "dep": "*"
      }
    },
    "node_modules/dep": {
      "version": "2.0.0"
    }
  }
}
